
Microsoft Visual Studio Solution File, Format Version 12.00
# Visual Studio Version 17
VisualStudioVersion = 17.14.36109.1 d17.14
MinimumVisualStudioVersion = 10.0.40219.1
Project("{FAE04EC0-301F-11D3-BF4B-00C04F79EFBC}") = "MIPrimerApi", "MIPrimerApi\MIPrimerApi.csproj", "{A8441FAB-9CEC-4F88-8F95-E1F25E4C0583}"
EndProject
Global
	GlobalSection(SolutionConfigurationPlatforms) = preSolution
		Debug|Any CPU = Debug|Any CPU
		Release|Any CPU = Release|Any CPU
	EndGlobalSection
	GlobalSection(ProjectConfigurationPlatforms) = postSolution
		{A8441FAB-9CEC-4F88-8F95-E1F25E4C0583}.Debug|Any CPU.ActiveCfg = Debug|Any CPU
		{A8441FAB-9CEC-4F88-8F95-E1F25E4C0583}.Debug|Any CPU.Build.0 = Debug|Any CPU
		{A8441FAB-9CEC-4F88-8F95-E1F25E4C0583}.Release|Any CPU.ActiveCfg = Release|Any CPU
		{A8441FAB-9CEC-4F88-8F95-E1F25E4C0583}.Release|Any CPU.Build.0 = Release|Any CPU
	EndGlobalSection
	GlobalSection(SolutionProperties) = preSolution
		HideSolutionNode = FALSE
	EndGlobalSection
	GlobalSection(ExtensibilityGlobals) = postSolution
		SolutionGuid = {2AEE1F5C-B356-41C0-B188-B3AC883A7439}
	EndGlobalSection
EndGlobal
